
Microsoft Visual Studio Solution File, Format Version 12.00
# Visual Studio 15
VisualStudioVersion = 15.0.26730.10
MinimumVisualStudioVersion = 10.0.40219.1
Project("{8BC9CEB8-8B4A-11D0-8D11-00A0C91BC942}") = "ShipGame", "ShipGame.vcxproj", "{EEA15FF5-B4A5-4591-A9F8-3549F5A46B63}"
	ProjectSection(ProjectDependencies) = postProject
		{837B2719-A7F9-4036-9333-03483B7E2655} = {837B2719-A7F9-4036-9333-03483B7E2655}
		{8F28F593-104D-4AF4-ABD0-485EC3465365} = {8F28F593-104D-4AF4-ABD0-485EC3465365}
		{1F9908EE-1842-4C2F-877E-BB109ECEEDB1} = {1F9908EE-1842-4C2F-877E-BB109ECEEDB1}
	EndProjectSection
EndProject
Project("{8BC9CEB8-8B4A-11D0-8D11-00A0C91BC942}") = "BMWindow", "..\BMWindow\BMWindow.vcxproj", "{1F9908EE-1842-4C2F-877E-BB109ECEEDB1}"
	ProjectSection(ProjectDependencies) = postProject
		{837B2719-A7F9-4036-9333-03483B7E2655} = {837B2719-A7F9-4036-9333-03483B7E2655}
		{8F28F593-104D-4AF4-ABD0-485EC3465365} = {8F28F593-104D-4AF4-ABD0-485EC3465365}
		{D1C528B6-AA02-4D29-9D61-DC08E317A70D} = {D1C528B6-AA02-4D29-9D61-DC08E317A70D}
	EndProjectSection
EndProject
Project("{8BC9CEB8-8B4A-11D0-8D11-00A0C91BC942}") = "BMSprite", "..\BMSprite\BMSprite.vcxproj", "{8F28F593-104D-4AF4-ABD0-485EC3465365}"
EndProject
Project("{8BC9CEB8-8B4A-11D0-8D11-00A0C91BC942}") = "BMModel", "..\BMModel\BMModel.vcxproj.vcxproj", "{837B2719-A7F9-4036-9333-03483B7E2655}"
	ProjectSection(ProjectDependencies) = postProject
		{8F28F593-104D-4AF4-ABD0-485EC3465365} = {8F28F593-104D-4AF4-ABD0-485EC3465365}
	EndProjectSection
EndProject
Project("{2150E333-8FDC-42A3-9474-1A3956D46DE8}") = "Library", "Library", "{1291FBFF-98A5-49CA-B2D9-28F9E344E649}"
EndProject
Project("{8BC9CEB8-8B4A-11D0-8D11-00A0C91BC942}") = "tinyxml2", "..\tinyxml2\tinyxml2\tinyxml2.vcxproj", "{D1C528B6-AA02-4D29-9D61-DC08E317A70D}"
EndProject
Global
	GlobalSection(SolutionConfigurationPlatforms) = preSolution
		Debug|x64 = Debug|x64
		Debug|x86 = Debug|x86
		Debug-Dll|x64 = Debug-Dll|x64
		Debug-Dll|x86 = Debug-Dll|x86
		Debug-Lib|x64 = Debug-Lib|x64
		Debug-Lib|x86 = Debug-Lib|x86
		Release|x64 = Release|x64
		Release|x86 = Release|x86
		Release-Dll|x64 = Release-Dll|x64
		Release-Dll|x86 = Release-Dll|x86
		Release-Lib|x64 = Release-Lib|x64
		Release-Lib|x86 = Release-Lib|x86
	EndGlobalSection
	GlobalSection(ProjectConfigurationPlatforms) = postSolution
		{EEA15FF5-B4A5-4591-A9F8-3549F5A46B63}.Debug|x64.ActiveCfg = Debug|x64
		{EEA15FF5-B4A5-4591-A9F8-3549F5A46B63}.Debug|x64.Build.0 = Debug|x64
		{EEA15FF5-B4A5-4591-A9F8-3549F5A46B63}.Debug|x86.ActiveCfg = Debug|Win32
		{EEA15FF5-B4A5-4591-A9F8-3549F5A46B63}.Debug|x86.Build.0 = Debug|Win32
		{EEA15FF5-B4A5-4591-A9F8-3549F5A46B63}.Debug-Dll|x64.ActiveCfg = Debug|x64
		{EEA15FF5-B4A5-4591-A9F8-3549F5A46B63}.Debug-Dll|x64.Build.0 = Debug|x64
		{EEA15FF5-B4A5-4591-A9F8-3549F5A46B63}.Debug-Dll|x86.ActiveCfg = Debug|Win32
		{EEA15FF5-B4A5-4591-A9F8-3549F5A46B63}.Debug-Dll|x86.Build.0 = Debug|Win32
		{EEA15FF5-B4A5-4591-A9F8-3549F5A46B63}.Debug-Lib|x64.ActiveCfg = Debug|x64
		{EEA15FF5-B4A5-4591-A9F8-3549F5A46B63}.Debug-Lib|x64.Build.0 = Debug|x64
		{EEA15FF5-B4A5-4591-A9F8-3549F5A46B63}.Debug-Lib|x86.ActiveCfg = Debug|Win32
		{EEA15FF5-B4A5-4591-A9F8-3549F5A46B63}.Debug-Lib|x86.Build.0 = Debug|Win32
		{EEA15FF5-B4A5-4591-A9F8-3549F5A46B63}.Release|x64.ActiveCfg = Release|x64
		{EEA15FF5-B4A5-4591-A9F8-3549F5A46B63}.Release|x64.Build.0 = Release|x64
		{EEA15FF5-B4A5-4591-A9F8-3549F5A46B63}.Release|x86.ActiveCfg = Release|Win32
		{EEA15FF5-B4A5-4591-A9F8-3549F5A46B63}.Release|x86.Build.0 = Release|Win32
		{EEA15FF5-B4A5-4591-A9F8-3549F5A46B63}.Release-Dll|x64.ActiveCfg = Release|x64
		{EEA15FF5-B4A5-4591-A9F8-3549F5A46B63}.Release-Dll|x64.Build.0 = Release|x64
		{EEA15FF5-B4A5-4591-A9F8-3549F5A46B63}.Release-Dll|x86.ActiveCfg = Release|Win32
		{EEA15FF5-B4A5-4591-A9F8-3549F5A46B63}.Release-Dll|x86.Build.0 = Release|Win32
		{EEA15FF5-B4A5-4591-A9F8-3549F5A46B63}.Release-Lib|x64.ActiveCfg = Release|x64
		{EEA15FF5-B4A5-4591-A9F8-3549F5A46B63}.Release-Lib|x64.Build.0 = Release|x64
		{EEA15FF5-B4A5-4591-A9F8-3549F5A46B63}.Release-Lib|x86.ActiveCfg = Release|Win32
		{EEA15FF5-B4A5-4591-A9F8-3549F5A46B63}.Release-Lib|x86.Build.0 = Release|Win32
		{1F9908EE-1842-4C2F-877E-BB109ECEEDB1}.Debug|x64.ActiveCfg = Debug|x64
		{1F9908EE-1842-4C2F-877E-BB109ECEEDB1}.Debug|x64.Build.0 = Debug|x64
		{1F9908EE-1842-4C2F-877E-BB109ECEEDB1}.Debug|x86.ActiveCfg = Debug|Win32
		{1F9908EE-1842-4C2F-877E-BB109ECEEDB1}.Debug|x86.Build.0 = Debug|Win32
		{1F9908EE-1842-4C2F-877E-BB109ECEEDB1}.Debug-Dll|x64.ActiveCfg = Debug|x64
		{1F9908EE-1842-4C2F-877E-BB109ECEEDB1}.Debug-Dll|x64.Build.0 = Debug|x64
		{1F9908EE-1842-4C2F-877E-BB109ECEEDB1}.Debug-Dll|x86.ActiveCfg = Debug|Win32
		{1F9908EE-1842-4C2F-877E-BB109ECEEDB1}.Debug-Dll|x86.Build.0 = Debug|Win32
		{1F9908EE-1842-4C2F-877E-BB109ECEEDB1}.Debug-Lib|x64.ActiveCfg = Debug|x64
		{1F9908EE-1842-4C2F-877E-BB109ECEEDB1}.Debug-Lib|x64.Build.0 = Debug|x64
		{1F9908EE-1842-4C2F-877E-BB109ECEEDB1}.Debug-Lib|x86.ActiveCfg = Debug|Win32
		{1F9908EE-1842-4C2F-877E-BB109ECEEDB1}.Debug-Lib|x86.Build.0 = Debug|Win32
		{1F9908EE-1842-4C2F-877E-BB109ECEEDB1}.Release|x64.ActiveCfg = Release|x64
		{1F9908EE-1842-4C2F-877E-BB109ECEEDB1}.Release|x64.Build.0 = Release|x64
		{1F9908EE-1842-4C2F-877E-BB109ECEEDB1}.Release|x86.ActiveCfg = Release|Win32
		{1F9908EE-1842-4C2F-877E-BB109ECEEDB1}.Release|x86.Build.0 = Release|Win32
		{1F9908EE-1842-4C2F-877E-BB109ECEEDB1}.Release-Dll|x64.ActiveCfg = Release|x64
		{1F9908EE-1842-4C2F-877E-BB109ECEEDB1}.Release-Dll|x64.Build.0 = Release|x64
		{1F9908EE-1842-4C2F-877E-BB109ECEEDB1}.Release-Dll|x86.ActiveCfg = Release|Win32
		{1F9908EE-1842-4C2F-877E-BB109ECEEDB1}.Release-Dll|x86.Build.0 = Release|Win32
		{1F9908EE-1842-4C2F-877E-BB109ECEEDB1}.Release-Lib|x64.ActiveCfg = Release|x64
		{1F9908EE-1842-4C2F-877E-BB109ECEEDB1}.Release-Lib|x64.Build.0 = Release|x64
		{1F9908EE-1842-4C2F-877E-BB109ECEEDB1}.Release-Lib|x86.ActiveCfg = Release|Win32
		{1F9908EE-1842-4C2F-877E-BB109ECEEDB1}.Release-Lib|x86.Build.0 = Release|Win32
		{8F28F593-104D-4AF4-ABD0-485EC3465365}.Debug|x64.ActiveCfg = Debug|x64
		{8F28F593-104D-4AF4-ABD0-485EC3465365}.Debug|x64.Build.0 = Debug|x64
		{8F28F593-104D-4AF4-ABD0-485EC3465365}.Debug|x86.ActiveCfg = Debug|Win32
		{8F28F593-104D-4AF4-ABD0-485EC3465365}.Debug|x86.Build.0 = Debug|Win32
		{8F28F593-104D-4AF4-ABD0-485EC3465365}.Debug-Dll|x64.ActiveCfg = Debug|x64
		{8F28F593-104D-4AF4-ABD0-485EC3465365}.Debug-Dll|x64.Build.0 = Debug|x64
		{8F28F593-104D-4AF4-ABD0-485EC3465365}.Debug-Dll|x86.ActiveCfg = Debug|Win32
		{8F28F593-104D-4AF4-ABD0-485EC3465365}.Debug-Dll|x86.Build.0 = Debug|Win32
		{8F28F593-104D-4AF4-ABD0-485EC3465365}.Debug-Lib|x64.ActiveCfg = Debug|x64
		{8F28F593-104D-4AF4-ABD0-485EC3465365}.Debug-Lib|x64.Build.0 = Debug|x64
		{8F28F593-104D-4AF4-ABD0-485EC3465365}.Debug-Lib|x86.ActiveCfg = Debug|Win32
		{8F28F593-104D-4AF4-ABD0-485EC3465365}.Debug-Lib|x86.Build.0 = Debug|Win32
		{8F28F593-104D-4AF4-ABD0-485EC3465365}.Release|x64.ActiveCfg = Release|x64
		{8F28F593-104D-4AF4-ABD0-485EC3465365}.Release|x64.Build.0 = Release|x64
		{8F28F593-104D-4AF4-ABD0-485EC3465365}.Release|x86.ActiveCfg = Release|Win32
		{8F28F593-104D-4AF4-ABD0-485EC3465365}.Release|x86.Build.0 = Release|Win32
		{8F28F593-104D-4AF4-ABD0-485EC3465365}.Release-Dll|x64.ActiveCfg = Release|x64
		{8F28F593-104D-4AF4-ABD0-485EC3465365}.Release-Dll|x64.Build.0 = Release|x64
		{8F28F593-104D-4AF4-ABD0-485EC3465365}.Release-Dll|x86.ActiveCfg = Release|Win32
		{8F28F593-104D-4AF4-ABD0-485EC3465365}.Release-Dll|x86.Build.0 = Release|Win32
		{8F28F593-104D-4AF4-ABD0-485EC3465365}.Release-Lib|x64.ActiveCfg = Release|x64
		{8F28F593-104D-4AF4-ABD0-485EC3465365}.Release-Lib|x64.Build.0 = Release|x64
		{8F28F593-104D-4AF4-ABD0-485EC3465365}.Release-Lib|x86.ActiveCfg = Release|Win32
		{8F28F593-104D-4AF4-ABD0-485EC3465365}.Release-Lib|x86.Build.0 = Release|Win32
		{837B2719-A7F9-4036-9333-03483B7E2655}.Debug|x64.ActiveCfg = Debug|x64
		{837B2719-A7F9-4036-9333-03483B7E2655}.Debug|x64.Build.0 = Debug|x64
		{837B2719-A7F9-4036-9333-03483B7E2655}.Debug|x86.ActiveCfg = Debug|Win32
		{837B2719-A7F9-4036-9333-03483B7E2655}.Debug|x86.Build.0 = Debug|Win32
		{837B2719-A7F9-4036-9333-03483B7E2655}.Debug-Dll|x64.ActiveCfg = Debug|x64
		{837B2719-A7F9-4036-9333-03483B7E2655}.Debug-Dll|x64.Build.0 = Debug|x64
		{837B2719-A7F9-4036-9333-03483B7E2655}.Debug-Dll|x86.ActiveCfg = Debug|Win32
		{837B2719-A7F9-4036-9333-03483B7E2655}.Debug-Dll|x86.Build.0 = Debug|Win32
		{837B2719-A7F9-4036-9333-03483B7E2655}.Debug-Lib|x64.ActiveCfg = Debug|x64
		{837B2719-A7F9-4036-9333-03483B7E2655}.Debug-Lib|x64.Build.0 = Debug|x64
		{837B2719-A7F9-4036-9333-03483B7E2655}.Debug-Lib|x86.ActiveCfg = Debug|Win32
		{837B2719-A7F9-4036-9333-03483B7E2655}.Debug-Lib|x86.Build.0 = Debug|Win32
		{837B2719-A7F9-4036-9333-03483B7E2655}.Release|x64.ActiveCfg = Release|x64
		{837B2719-A7F9-4036-9333-03483B7E2655}.Release|x64.Build.0 = Release|x64
		{837B2719-A7F9-4036-9333-03483B7E2655}.Release|x86.ActiveCfg = Release|Win32
		{837B2719-A7F9-4036-9333-03483B7E2655}.Release|x86.Build.0 = Release|Win32
		{837B2719-A7F9-4036-9333-03483B7E2655}.Release-Dll|x64.ActiveCfg = Release|x64
		{837B2719-A7F9-4036-9333-03483B7E2655}.Release-Dll|x64.Build.0 = Release|x64
		{837B2719-A7F9-4036-9333-03483B7E2655}.Release-Dll|x86.ActiveCfg = Release|Win32
		{837B2719-A7F9-4036-9333-03483B7E2655}.Release-Dll|x86.Build.0 = Release|Win32
		{837B2719-A7F9-4036-9333-03483B7E2655}.Release-Lib|x64.ActiveCfg = Release|x64
		{837B2719-A7F9-4036-9333-03483B7E2655}.Release-Lib|x64.Build.0 = Release|x64
		{837B2719-A7F9-4036-9333-03483B7E2655}.Release-Lib|x86.ActiveCfg = Release|Win32
		{837B2719-A7F9-4036-9333-03483B7E2655}.Release-Lib|x86.Build.0 = Release|Win32
		{D1C528B6-AA02-4D29-9D61-DC08E317A70D}.Debug|x64.ActiveCfg = Debug-Dll|x64
		{D1C528B6-AA02-4D29-9D61-DC08E317A70D}.Debug|x64.Build.0 = Debug-Dll|x64
		{D1C528B6-AA02-4D29-9D61-DC08E317A70D}.Debug|x86.ActiveCfg = Debug-Dll|Win32
		{D1C528B6-AA02-4D29-9D61-DC08E317A70D}.Debug|x86.Build.0 = Debug-Dll|Win32
		{D1C528B6-AA02-4D29-9D61-DC08E317A70D}.Debug-Dll|x64.ActiveCfg = Debug-Dll|x64
		{D1C528B6-AA02-4D29-9D61-DC08E317A70D}.Debug-Dll|x64.Build.0 = Debug-Dll|x64
		{D1C528B6-AA02-4D29-9D61-DC08E317A70D}.Debug-Dll|x86.ActiveCfg = Debug-Dll|Win32
		{D1C528B6-AA02-4D29-9D61-DC08E317A70D}.Debug-Dll|x86.Build.0 = Debug-Dll|Win32
		{D1C528B6-AA02-4D29-9D61-DC08E317A70D}.Debug-Lib|x64.ActiveCfg = Debug-Lib|x64
		{D1C528B6-AA02-4D29-9D61-DC08E317A70D}.Debug-Lib|x64.Build.0 = Debug-Lib|x64
		{D1C528B6-AA02-4D29-9D61-DC08E317A70D}.Debug-Lib|x86.ActiveCfg = Debug-Lib|Win32
		{D1C528B6-AA02-4D29-9D61-DC08E317A70D}.Debug-Lib|x86.Build.0 = Debug-Lib|Win32
		{D1C528B6-AA02-4D29-9D61-DC08E317A70D}.Release|x64.ActiveCfg = Release-Lib|x64
		{D1C528B6-AA02-4D29-9D61-DC08E317A70D}.Release|x64.Build.0 = Release-Lib|x64
		{D1C528B6-AA02-4D29-9D61-DC08E317A70D}.Release|x86.ActiveCfg = Release-Lib|Win32
		{D1C528B6-AA02-4D29-9D61-DC08E317A70D}.Release|x86.Build.0 = Release-Lib|Win32
		{D1C528B6-AA02-4D29-9D61-DC08E317A70D}.Release-Dll|x64.ActiveCfg = Release-Dll|x64
		{D1C528B6-AA02-4D29-9D61-DC08E317A70D}.Release-Dll|x64.Build.0 = Release-Dll|x64
		{D1C528B6-AA02-4D29-9D61-DC08E317A70D}.Release-Dll|x86.ActiveCfg = Release-Dll|Win32
		{D1C528B6-AA02-4D29-9D61-DC08E317A70D}.Release-Dll|x86.Build.0 = Release-Dll|Win32
		{D1C528B6-AA02-4D29-9D61-DC08E317A70D}.Release-Lib|x64.ActiveCfg = Release-Lib|x64
		{D1C528B6-AA02-4D29-9D61-DC08E317A70D}.Release-Lib|x64.Build.0 = Release-Lib|x64
		{D1C528B6-AA02-4D29-9D61-DC08E317A70D}.Release-Lib|x86.ActiveCfg = Release-Lib|Win32
		{D1C528B6-AA02-4D29-9D61-DC08E317A70D}.Release-Lib|x86.Build.0 = Release-Lib|Win32
	EndGlobalSection
	GlobalSection(SolutionProperties) = preSolution
		HideSolutionNode = FALSE
	EndGlobalSection
	GlobalSection(NestedProjects) = preSolution
		{D1C528B6-AA02-4D29-9D61-DC08E317A70D} = {1291FBFF-98A5-49CA-B2D9-28F9E344E649}
	EndGlobalSection
	GlobalSection(ExtensibilityGlobals) = postSolution
		SolutionGuid = {F667DAC0-9297-47FC-9FFB-ED25A3FDDED6}
	EndGlobalSection
EndGlobal
